
Microsoft Visual Studio Solution File, Format Version 12.00
# Visual Studio Version 17
VisualStudioVersion = 17.4.33110.190
MinimumVisualStudioVersion = 10.0.40219.1
Project("{9A19103F-16F7-4668-BE54-9A1E7A4F7556}") = "NetObsStatsGenerator", "src\App\NetObsStatsGenerator.csproj", "{768927A0-5E2C-4CF5-B14F-36AC2FAA1896}"
EndProject
Project("{9A19103F-16F7-4668-BE54-9A1E7A4F7556}") = "NetObsStatsGenerator.Tests", "test\App.Tests\NetObsStatsGenerator.Tests.csproj", "{782CB784-B2C2-410C-9668-97CA5D37A6DA}"
EndProject
Global
	GlobalSection(SolutionConfigurationPlatforms) = preSolution
		Debug|Any CPU = Debug|Any CPU
		Release|Any CPU = Release|Any CPU
	EndGlobalSection
	GlobalSection(ProjectConfigurationPlatforms) = postSolution
		{768927A0-5E2C-4CF5-B14F-36AC2FAA1896}.Debug|Any CPU.ActiveCfg = Debug|Any CPU
		{768927A0-5E2C-4CF5-B14F-36AC2FAA1896}.Debug|Any CPU.Build.0 = Debug|Any CPU
		{768927A0-5E2C-4CF5-B14F-36AC2FAA1896}.Release|Any CPU.ActiveCfg = Release|Any CPU
		{768927A0-5E2C-4CF5-B14F-36AC2FAA1896}.Release|Any CPU.Build.0 = Release|Any CPU
		{782CB784-B2C2-410C-9668-97CA5D37A6DA}.Debug|Any CPU.ActiveCfg = Debug|Any CPU
		{782CB784-B2C2-410C-9668-97CA5D37A6DA}.Debug|Any CPU.Build.0 = Debug|Any CPU
		{782CB784-B2C2-410C-9668-97CA5D37A6DA}.Release|Any CPU.ActiveCfg = Release|Any CPU
		{782CB784-B2C2-410C-9668-97CA5D37A6DA}.Release|Any CPU.Build.0 = Release|Any CPU
	EndGlobalSection
	GlobalSection(SolutionProperties) = preSolution
		HideSolutionNode = FALSE
	EndGlobalSection
	GlobalSection(ExtensibilityGlobals) = postSolution
		SolutionGuid = {F90402D8-BAB0-4371-9124-B4DD1C7B31E4}
	EndGlobalSection
EndGlobal
